
Microsoft Visual Studio Solution File, Format Version 12.00
# Visual Studio 15
VisualStudioVersion = 15.0.28010.2026
MinimumVisualStudioVersion = 10.0.40219.1
Project("{FAE04EC0-301F-11D3-BF4B-00C04F79EFBC}") = "images_noise", "images_noise\images_noise.csproj", "{E8B9F76A-CDE8-434A-87B1-03D4FEA20D21}"
EndProject
Global
	GlobalSection(SolutionConfigurationPlatforms) = preSolution
		Debug|Any CPU = Debug|Any CPU
		Release|Any CPU = Release|Any CPU
	EndGlobalSection
	GlobalSection(ProjectConfigurationPlatforms) = postSolution
		{E8B9F76A-CDE8-434A-87B1-03D4FEA20D21}.Debug|Any CPU.ActiveCfg = Debug|Any CPU
		{E8B9F76A-CDE8-434A-87B1-03D4FEA20D21}.Debug|Any CPU.Build.0 = Debug|Any CPU
		{E8B9F76A-CDE8-434A-87B1-03D4FEA20D21}.Release|Any CPU.ActiveCfg = Release|Any CPU
		{E8B9F76A-CDE8-434A-87B1-03D4FEA20D21}.Release|Any CPU.Build.0 = Release|Any CPU
	EndGlobalSection
	GlobalSection(SolutionProperties) = preSolution
		HideSolutionNode = FALSE
	EndGlobalSection
	GlobalSection(ExtensibilityGlobals) = postSolution
		SolutionGuid = {E0C5604E-9F14-4549-AD5E-423E1505BBA8}
	EndGlobalSection
EndGlobal
